// !$*UTF8*$!
{
	archiveVersion = 1;
	classes = {
	};
	objectVersion = 46;
	objects = {

/* Begin PBXBuildFile section */
		65F887881E4AA9DF00D82D40 /* LoginViewController.m in Sources */ = {isa = PBXBuildFile; fileRef = 65F887871E4AA9DF00D82D40 /* LoginViewController.m */; };
		65F8878B1E4AA9EF00D82D40 /* RegistViewController.m in Sources */ = {isa = PBXBuildFile; fileRef = 65F8878A1E4AA9EF00D82D40 /* RegistViewController.m */; };
		65F887911E4AADC000D82D40 /* Tools.m in Sources */ = {isa = PBXBuildFile; fileRef = 65F887901E4AADC000D82D40 /* Tools.m */; };
		6D1DFC771E0A643A00D44ED0 /* RecommendedViewController.m in Sources */ = {isa = PBXBuildFile; fileRef = 6D1DFC721E0A643A00D44ED0 /* RecommendedViewController.m */; };
		6D1DFC781E0A643A00D44ED0 /* RecommendCell.m in Sources */ = {isa = PBXBuildFile; fileRef = 6D1DFC761E0A643A00D44ED0 /* RecommendCell.m */; };
		6D1DFC7D1E0A649500D44ED0 /* BidListViewController.m in Sources */ = {isa = PBXBuildFile; fileRef = 6D1DFC7C1E0A649500D44ED0 /* BidListViewController.m */; };
		6D1DFC801E0A64A800D44ED0 /* MineViewController.m in Sources */ = {isa = PBXBuildFile; fileRef = 6D1DFC7F1E0A64A800D44ED0 /* MineViewController.m */; };
		6D37C48C1E0A5BB800AC17ED /* RootTabBarViewController.m in Sources */ = {isa = PBXBuildFile; fileRef = 6D37C48B1E0A5BB800AC17ED /* RootTabBarViewController.m */; };
		6D87692C1DEEBD9F00AC9692 /* main.m in Sources */ = {isa = PBXBuildFile; fileRef = 6D87692B1DEEBD9F00AC9692 /* main.m */; };
		6D87692F1DEEBD9F00AC9692 /* AppDelegate.m in Sources */ = {isa = PBXBuildFile; fileRef = 6D87692E1DEEBD9F00AC9692 /* AppDelegate.m */; };
		6D8769351DEEBD9F00AC9692 /* Main.storyboard in Resources */ = {isa = PBXBuildFile; fileRef = 6D8769331DEEBD9F00AC9692 /* Main.storyboard */; };
		6D8769371DEEBD9F00AC9692 /* Assets.xcassets in Resources */ = {isa = PBXBuildFile; fileRef = 6D8769361DEEBD9F00AC9692 /* Assets.xcassets */; };
		6D87693A1DEEBD9F00AC9692 /* LaunchScreen.storyboard in Resources */ = {isa = PBXBuildFile; fileRef = 6D8769381DEEBD9F00AC9692 /* LaunchScreen.storyboard */; };
		6D8769451DEEBD9F00AC9692 /* TotalMoneyTests.m in Sources */ = {isa = PBXBuildFile; fileRef = 6D8769441DEEBD9F00AC9692 /* TotalMoneyTests.m */; };
		6D8769501DEEBD9F00AC9692 /* TotalMoneyUITests.m in Sources */ = {isa = PBXBuildFile; fileRef = 6D87694F1DEEBD9F00AC9692 /* TotalMoneyUITests.m */; };
		6D8769651DEEC06100AC9692 /* BaseViewController.m in Sources */ = {isa = PBXBuildFile; fileRef = 6D8769621DEEC06100AC9692 /* BaseViewController.m */; };
		6D8769661DEEC06100AC9692 /* CustomNavViewController.m in Sources */ = {isa = PBXBuildFile; fileRef = 6D8769641DEEC06100AC9692 /* CustomNavViewController.m */; };
		6D8769791DEEC07300AC9692 /* NSString+MD5.m in Sources */ = {isa = PBXBuildFile; fileRef = 6D87696A1DEEC07300AC9692 /* NSString+MD5.m */; };
		6D87697A1DEEC07300AC9692 /* NSString+Regex.m in Sources */ = {isa = PBXBuildFile; fileRef = 6D87696C1DEEC07300AC9692 /* NSString+Regex.m */; };
		6D87697B1DEEC07300AC9692 /* UIButton+Extension.m in Sources */ = {isa = PBXBuildFile; fileRef = 6D87696E1DEEC07300AC9692 /* UIButton+Extension.m */; };
		6D87697C1DEEC07300AC9692 /* UIButton+Repeat.m in Sources */ = {isa = PBXBuildFile; fileRef = 6D8769701DEEC07300AC9692 /* UIButton+Repeat.m */; };
		6D87697D1DEEC07300AC9692 /* UIGestureRecognizer+block.m in Sources */ = {isa = PBXBuildFile; fileRef = 6D8769721DEEC07300AC9692 /* UIGestureRecognizer+block.m */; };
		6D87697E1DEEC07300AC9692 /* UIImage+Compress.m in Sources */ = {isa = PBXBuildFile; fileRef = 6D8769741DEEC07300AC9692 /* UIImage+Compress.m */; };
		6D87697F1DEEC07300AC9692 /* UILabel+Extension.m in Sources */ = {isa = PBXBuildFile; fileRef = 6D8769761DEEC07300AC9692 /* UILabel+Extension.m */; };
		6D8769801DEEC07300AC9692 /* UIView+LineView.m in Sources */ = {isa = PBXBuildFile; fileRef = 6D8769781DEEC07300AC9692 /* UIView+LineView.m */; };
		6D90E7CD1E4B004D00F240ED /* AsyncRequestHandles.m in Sources */ = {isa = PBXBuildFile; fileRef = 6D90E7A61E4B004D00F240ED /* AsyncRequestHandles.m */; };
		6D90E7CE1E4B004D00F240ED /* Errand.m in Sources */ = {isa = PBXBuildFile; fileRef = 6D90E7AA1E4B004D00F240ED /* Errand.m */; };
		6D90E7CF1E4B004D00F240ED /* ErrandManager.m in Sources */ = {isa = PBXBuildFile; fileRef = 6D90E7AC1E4B004D00F240ED /* ErrandManager.m */; };
		6D90E7D01E4B004D00F240ED /* ResponseHandle.m in Sources */ = {isa = PBXBuildFile; fileRef = 6D90E7B01E4B004D00F240ED /* ResponseHandle.m */; };
		6D90E7D11E4B004D00F240ED /* HttpResult.m in Sources */ = {isa = PBXBuildFile; fileRef = 6D90E7B41E4B004D00F240ED /* HttpResult.m */; };
		6D90E7D21E4B004D00F240ED /* NetworkRequest.m in Sources */ = {isa = PBXBuildFile; fileRef = 6D90E7B61E4B004D00F240ED /* NetworkRequest.m */; };
		6D90E7D31E4B004D00F240ED /* RequestEngine.m in Sources */ = {isa = PBXBuildFile; fileRef = 6D90E7B81E4B004D00F240ED /* RequestEngine.m */; };
		6D90E7D41E4B004D00F240ED /* TaskSack.m in Sources */ = {isa = PBXBuildFile; fileRef = 6D90E7BB1E4B004D00F240ED /* TaskSack.m */; };
		6D90E7D51E4B004D00F240ED /* RequestResultBlock.m in Sources */ = {isa = PBXBuildFile; fileRef = 6D90E7C11E4B004D00F240ED /* RequestResultBlock.m */; };
		6D90E7D61E4B004D00F240ED /* RequestUtil.m in Sources */ = {isa = PBXBuildFile; fileRef = 6D90E7C41E4B004D00F240ED /* RequestUtil.m */; };
		6D90E7D71E4B004D00F240ED /* ResponseUtil.m in Sources */ = {isa = PBXBuildFile; fileRef = 6D90E7C71E4B004D00F240ED /* ResponseUtil.m */; };
		6D90E7D81E4B004D00F240ED /* NSObject+PreventModel.m in Sources */ = {isa = PBXBuildFile; fileRef = 6D90E7CA1E4B004D00F240ED /* NSObject+PreventModel.m */; };
		6D90E7D91E4B004D00F240ED /* PreventClassInfo.m in Sources */ = {isa = PBXBuildFile; fileRef = 6D90E7CC1E4B004D00F240ED /* PreventClassInfo.m */; };
		6D9A14931E7FB616009B16A8 /* RecordTableViewCell.m in Sources */ = {isa = PBXBuildFile; fileRef = 6D9A14921E7FB616009B16A8 /* RecordTableViewCell.m */; };
		6DB3741C1E26220600F94F1D /* MineHeaderView.m in Sources */ = {isa = PBXBuildFile; fileRef = 6DB3741B1E26220600F94F1D /* MineHeaderView.m */; };
		6DB3741F1E2628EF00F94F1D /* MineTableViewCell.m in Sources */ = {isa = PBXBuildFile; fileRef = 6DB3741E1E2628EF00F94F1D /* MineTableViewCell.m */; };
		6DB374671E2E040D00F94F1D /* ListTableViewCell.m in Sources */ = {isa = PBXBuildFile; fileRef = 6DB374661E2E040D00F94F1D /* ListTableViewCell.m */; };
		6DB374E91E31E6CB00F94F1D /* SuggestViewController.m in Sources */ = {isa = PBXBuildFile; fileRef = 6DB374E81E31E6CB00F94F1D /* SuggestViewController.m */; };
		6DC510421E345E0F0067FB19 /* MoreViewController.m in Sources */ = {isa = PBXBuildFile; fileRef = 6DC510411E345E0F0067FB19 /* MoreViewController.m */; };
		6DC510451E3463180067FB19 /* MoreTableViewCell.m in Sources */ = {isa = PBXBuildFile; fileRef = 6DC510441E3463180067FB19 /* MoreTableViewCell.m */; };
		6DC510491E348B9F0067FB19 /* RecordViewController.m in Sources */ = {isa = PBXBuildFile; fileRef = 6DC510481E348B9F0067FB19 /* RecordViewController.m */; };
		6DC510511E348BDF0067FB19 /* LegendCell.m in Sources */ = {isa = PBXBuildFile; fileRef = 6DC5104C1E348BDF0067FB19 /* LegendCell.m */; };
		6DC510521E348BDF0067FB19 /* XTCirView.m in Sources */ = {isa = PBXBuildFile; fileRef = 6DC5104E1E348BDF0067FB19 /* XTCirView.m */; };
		6DC510531E348BDF0067FB19 /* XTGraphicalLayer.m in Sources */ = {isa = PBXBuildFile; fileRef = 6DC510501E348BDF0067FB19 /* XTGraphicalLayer.m */; };
		6DC510611E373A7C0067FB19 /* HistogramCell.m in Sources */ = {isa = PBXBuildFile; fileRef = 6DC510601E373A7C0067FB19 /* HistogramCell.m */; };
		6DC946571E24BCB100416517 /* SortCollectionViewCell.m in Sources */ = {isa = PBXBuildFile; fileRef = 6DC946561E24BCB100416517 /* SortCollectionViewCell.m */; };
		D04452AD528E587712896EC2 /* libPods-TotalMoneyUITests.a in Frameworks */ = {isa = PBXBuildFile; fileRef = C4F08565B866DED0F6DD0928 /* libPods-TotalMoneyUITests.a */; };
		D7C289BC6375EEF018B1CFAC /* libPods-TotalMoney.a in Frameworks */ = {isa = PBXBuildFile; fileRef = ED8F3C3328341D60CF2DF567 /* libPods-TotalMoney.a */; };
/* End PBXBuildFile section */

/* Begin PBXContainerItemProxy section */
		6D8769411DEEBD9F00AC9692 /* PBXContainerItemProxy */ = {
			isa = PBXContainerItemProxy;
			containerPortal = 6D87691F1DEEBD9F00AC9692 /* Project object */;
			proxyType = 1;
			remoteGlobalIDString = 6D8769261DEEBD9F00AC9692;
			remoteInfo = TotalMoney;
		};
		6D87694C1DEEBD9F00AC9692 /* PBXContainerItemProxy */ = {
			isa = PBXContainerItemProxy;
			containerPortal = 6D87691F1DEEBD9F00AC9692 /* Project object */;
			proxyType = 1;
			remoteGlobalIDString = 6D8769261DEEBD9F00AC9692;
			remoteInfo = TotalMoney;
		};
/* End PBXContainerItemProxy section */

/* Begin PBXFileReference section */
		264BA28A3DA05E3E052FA95D /* Pods-TotalMoneyUITests.debug.xcconfig */ = {isa = PBXFileReference; includeInIndex = 1; lastKnownFileType = text.xcconfig; name = "Pods-TotalMoneyUITests.debug.xcconfig"; path = "Pods/Target Support Files/Pods-TotalMoneyUITests/Pods-TotalMoneyUITests.debug.xcconfig"; sourceTree = "<group>"; };
		3A7175DA034D065C36582E4E /* Pods-TotalMoney.debug.xcconfig */ = {isa = PBXFileReference; includeInIndex = 1; lastKnownFileType = text.xcconfig; name = "Pods-TotalMoney.debug.xcconfig"; path = "Pods/Target Support Files/Pods-TotalMoney/Pods-TotalMoney.debug.xcconfig"; sourceTree = "<group>"; };
		42E164017839AEE01F6B9F53 /* Pods-TotalMoney.release.xcconfig */ = {isa = PBXFileReference; includeInIndex = 1; lastKnownFileType = text.xcconfig; name = "Pods-TotalMoney.release.xcconfig"; path = "Pods/Target Support Files/Pods-TotalMoney/Pods-TotalMoney.release.xcconfig"; sourceTree = "<group>"; };
		655B74831E34E3C7008E2360 /* Header.h */ = {isa = PBXFileReference; lastKnownFileType = sourcecode.c.h; path = Header.h; sourceTree = "<group>"; };
		65F887861E4AA9DF00D82D40 /* LoginViewController.h */ = {isa = PBXFileReference; fileEncoding = 4; lastKnownFileType = sourcecode.c.h; path = LoginViewController.h; sourceTree = "<group>"; };
		65F887871E4AA9DF00D82D40 /* LoginViewController.m */ = {isa = PBXFileReference; fileEncoding = 4; lastKnownFileType = sourcecode.c.objc; path = LoginViewController.m; sourceTree = "<group>"; };
		65F887891E4AA9EF00D82D40 /* RegistViewController.h */ = {isa = PBXFileReference; fileEncoding = 4; lastKnownFileType = sourcecode.c.h; path = RegistViewController.h; sourceTree = "<group>"; };
		65F8878A1E4AA9EF00D82D40 /* RegistViewController.m */ = {isa = PBXFileReference; fileEncoding = 4; lastKnownFileType = sourcecode.c.objc; path = RegistViewController.m; sourceTree = "<group>"; };
		65F8878F1E4AADC000D82D40 /* Tools.h */ = {isa = PBXFileReference; fileEncoding = 4; lastKnownFileType = sourcecode.c.h; path = Tools.h; sourceTree = "<group>"; };
		65F887901E4AADC000D82D40 /* Tools.m */ = {isa = PBXFileReference; fileEncoding = 4; lastKnownFileType = sourcecode.c.objc; path = Tools.m; sourceTree = "<group>"; };
		6D1DFC711E0A643A00D44ED0 /* RecommendedViewController.h */ = {isa = PBXFileReference; fileEncoding = 4; lastKnownFileType = sourcecode.c.h; path = RecommendedViewController.h; sourceTree = "<group>"; };
		6D1DFC721E0A643A00D44ED0 /* RecommendedViewController.m */ = {isa = PBXFileReference; fileEncoding = 4; lastKnownFileType = sourcecode.c.objc; path = RecommendedViewController.m; sourceTree = "<group>"; };
		6D1DFC751E0A643A00D44ED0 /* RecommendCell.h */ = {isa = PBXFileReference; fileEncoding = 4; lastKnownFileType = sourcecode.c.h; path = RecommendCell.h; sourceTree = "<group>"; };
		6D1DFC761E0A643A00D44ED0 /* RecommendCell.m */ = {isa = PBXFileReference; fileEncoding = 4; lastKnownFileType = sourcecode.c.objc; path = RecommendCell.m; sourceTree = "<group>"; };
		6D1DFC7B1E0A649500D44ED0 /* BidListViewController.h */ = {isa = PBXFileReference; fileEncoding = 4; lastKnownFileType = sourcecode.c.h; path = BidListViewController.h; sourceTree = "<group>"; };
		6D1DFC7C1E0A649500D44ED0 /* BidListViewController.m */ = {isa = PBXFileReference; fileEncoding = 4; lastKnownFileType = sourcecode.c.objc; path = BidListViewController.m; sourceTree = "<group>"; };
		6D1DFC7E1E0A64A800D44ED0 /* MineViewController.h */ = {isa = PBXFileReference; fileEncoding = 4; lastKnownFileType = sourcecode.c.h; path = MineViewController.h; sourceTree = "<group>"; };
		6D1DFC7F1E0A64A800D44ED0 /* MineViewController.m */ = {isa = PBXFileReference; fileEncoding = 4; lastKnownFileType = sourcecode.c.objc; path = MineViewController.m; sourceTree = "<group>"; };
		6D37C48A1E0A5BB800AC17ED /* RootTabBarViewController.h */ = {isa = PBXFileReference; fileEncoding = 4; lastKnownFileType = sourcecode.c.h; path = RootTabBarViewController.h; sourceTree = "<group>"; };
		6D37C48B1E0A5BB800AC17ED /* RootTabBarViewController.m */ = {isa = PBXFileReference; fileEncoding = 4; lastKnownFileType = sourcecode.c.objc; path = RootTabBarViewController.m; sourceTree = "<group>"; };
		6D8769271DEEBD9F00AC9692 /* TotalMoney.app */ = {isa = PBXFileReference; explicitFileType = wrapper.application; includeInIndex = 0; path = TotalMoney.app; sourceTree = BUILT_PRODUCTS_DIR; };
		6D87692B1DEEBD9F00AC9692 /* main.m */ = {isa = PBXFileReference; lastKnownFileType = sourcecode.c.objc; path = main.m; sourceTree = "<group>"; };
		6D87692D1DEEBD9F00AC9692 /* AppDelegate.h */ = {isa = PBXFileReference; lastKnownFileType = sourcecode.c.h; path = AppDelegate.h; sourceTree = "<group>"; };
		6D87692E1DEEBD9F00AC9692 /* AppDelegate.m */ = {isa = PBXFileReference; lastKnownFileType = sourcecode.c.objc; path = AppDelegate.m; sourceTree = "<group>"; };
		6D8769341DEEBD9F00AC9692 /* Base */ = {isa = PBXFileReference; lastKnownFileType = file.storyboard; name = Base; path = Base.lproj/Main.storyboard; sourceTree = "<group>"; };
		6D8769361DEEBD9F00AC9692 /* Assets.xcassets */ = {isa = PBXFileReference; lastKnownFileType = folder.assetcatalog; path = Assets.xcassets; sourceTree = "<group>"; };
		6D8769391DEEBD9F00AC9692 /* Base */ = {isa = PBXFileReference; lastKnownFileType = file.storyboard; name = Base; path = Base.lproj/LaunchScreen.storyboard; sourceTree = "<group>"; };
		6D87693B1DEEBD9F00AC9692 /* Info.plist */ = {isa = PBXFileReference; lastKnownFileType = text.plist.xml; path = Info.plist; sourceTree = "<group>"; };
		6D8769401DEEBD9F00AC9692 /* TotalMoneyTests.xctest */ = {isa = PBXFileReference; explicitFileType = wrapper.cfbundle; includeInIndex = 0; path = TotalMoneyTests.xctest; sourceTree = BUILT_PRODUCTS_DIR; };
		6D8769441DEEBD9F00AC9692 /* TotalMoneyTests.m */ = {isa = PBXFileReference; lastKnownFileType = sourcecode.c.objc; path = TotalMoneyTests.m; sourceTree = "<group>"; };
		6D8769461DEEBD9F00AC9692 /* Info.plist */ = {isa = PBXFileReference; lastKnownFileType = text.plist.xml; path = Info.plist; sourceTree = "<group>"; };
		6D87694B1DEEBD9F00AC9692 /* TotalMoneyUITests.xctest */ = {isa = PBXFileReference; explicitFileType = wrapper.cfbundle; includeInIndex = 0; path = TotalMoneyUITests.xctest; sourceTree = BUILT_PRODUCTS_DIR; };
		6D87694F1DEEBD9F00AC9692 /* TotalMoneyUITests.m */ = {isa = PBXFileReference; lastKnownFileType = sourcecode.c.objc; path = TotalMoneyUITests.m; sourceTree = "<group>"; };
		6D8769511DEEBD9F00AC9692 /* Info.plist */ = {isa = PBXFileReference; lastKnownFileType = text.plist.xml; path = Info.plist; sourceTree = "<group>"; };
		6D87695F1DEEBFE700AC9692 /* HelpToolsPrefix.pch */ = {isa = PBXFileReference; fileEncoding = 4; lastKnownFileType = sourcecode.c.h; path = HelpToolsPrefix.pch; sourceTree = "<group>"; };
		6D8769611DEEC06100AC9692 /* BaseViewController.h */ = {isa = PBXFileReference; fileEncoding = 4; lastKnownFileType = sourcecode.c.h; path = BaseViewController.h; sourceTree = "<group>"; };
		6D8769621DEEC06100AC9692 /* BaseViewController.m */ = {isa = PBXFileReference; fileEncoding = 4; lastKnownFileType = sourcecode.c.objc; path = BaseViewController.m; sourceTree = "<group>"; };
		6D8769631DEEC06100AC9692 /* CustomNavViewController.h */ = {isa = PBXFileReference; fileEncoding = 4; lastKnownFileType = sourcecode.c.h; path = CustomNavViewController.h; sourceTree = "<group>"; };
		6D8769641DEEC06100AC9692 /* CustomNavViewController.m */ = {isa = PBXFileReference; fileEncoding = 4; lastKnownFileType = sourcecode.c.objc; path = CustomNavViewController.m; sourceTree = "<group>"; };
		6D8769681DEEC07300AC9692 /* CateGoryHeader.h */ = {isa = PBXFileReference; fileEncoding = 4; lastKnownFileType = sourcecode.c.h; path = CateGoryHeader.h; sourceTree = "<group>"; };
		6D8769691DEEC07300AC9692 /* NSString+MD5.h */ = {isa = PBXFileReference; fileEncoding = 4; lastKnownFileType = sourcecode.c.h; path = "NSString+MD5.h"; sourceTree = "<group>"; };
		6D87696A1DEEC07300AC9692 /* NSString+MD5.m */ = {isa = PBXFileReference; fileEncoding = 4; lastKnownFileType = sourcecode.c.objc; path = "NSString+MD5.m"; sourceTree = "<group>"; };
		6D87696B1DEEC07300AC9692 /* NSString+Regex.h */ = {isa = PBXFileReference; fileEncoding = 4; lastKnownFileType = sourcecode.c.h; path = "NSString+Regex.h"; sourceTree = "<group>"; };
		6D87696C1DEEC07300AC9692 /* NSString+Regex.m */ = {isa = PBXFileReference; fileEncoding = 4; lastKnownFileType = sourcecode.c.objc; path = "NSString+Regex.m"; sourceTree = "<group>"; };
		6D87696D1DEEC07300AC9692 /* UIButton+Extension.h */ = {isa = PBXFileReference; fileEncoding = 4; lastKnownFileType = sourcecode.c.h; path = "UIButton+Extension.h"; sourceTree = "<group>"; };
		6D87696E1DEEC07300AC9692 /* UIButton+Extension.m */ = {isa = PBXFileReference; fileEncoding = 4; lastKnownFileType = sourcecode.c.objc; path = "UIButton+Extension.m"; sourceTree = "<group>"; };
		6D87696F1DEEC07300AC9692 /* UIButton+Repeat.h */ = {isa = PBXFileReference; fileEncoding = 4; lastKnownFileType = sourcecode.c.h; path = "UIButton+Repeat.h"; sourceTree = "<group>"; };
		6D8769701DEEC07300AC9692 /* UIButton+Repeat.m */ = {isa = PBXFileReference; fileEncoding = 4; lastKnownFileType = sourcecode.c.objc; path = "UIButton+Repeat.m"; sourceTree = "<group>"; };
		6D8769711DEEC07300AC9692 /* UIGestureRecognizer+block.h */ = {isa = PBXFileReference; fileEncoding = 4; lastKnownFileType = sourcecode.c.h; path = "UIGestureRecognizer+block.h"; sourceTree = "<group>"; };
		6D8769721DEEC07300AC9692 /* UIGestureRecognizer+block.m */ = {isa = PBXFileReference; fileEncoding = 4; lastKnownFileType = sourcecode.c.objc; path = "UIGestureRecognizer+block.m"; sourceTree = "<group>"; };
		6D8769731DEEC07300AC9692 /* UIImage+Compress.h */ = {isa = PBXFileReference; fileEncoding = 4; lastKnownFileType = sourcecode.c.h; path = "UIImage+Compress.h"; sourceTree = "<group>"; };
		6D8769741DEEC07300AC9692 /* UIImage+Compress.m */ = {isa = PBXFileReference; fileEncoding = 4; lastKnownFileType = sourcecode.c.objc; path = "UIImage+Compress.m"; sourceTree = "<group>"; };
		6D8769751DEEC07300AC9692 /* UILabel+Extension.h */ = {isa = PBXFileReference; fileEncoding = 4; lastKnownFileType = sourcecode.c.h; path = "UILabel+Extension.h"; sourceTree = "<group>"; };
		6D8769761DEEC07300AC9692 /* UILabel+Extension.m */ = {isa = PBXFileReference; fileEncoding = 4; lastKnownFileType = sourcecode.c.objc; path = "UILabel+Extension.m"; sourceTree = "<group>"; };
		6D8769771DEEC07300AC9692 /* UIView+LineView.h */ = {isa = PBXFileReference; fileEncoding = 4; lastKnownFileType = sourcecode.c.h; path = "UIView+LineView.h"; sourceTree = "<group>"; };
		6D8769781DEEC07300AC9692 /* UIView+LineView.m */ = {isa = PBXFileReference; fileEncoding = 4; lastKnownFileType = sourcecode.c.objc; path = "UIView+LineView.m"; sourceTree = "<group>"; };
		6D90E7A51E4B004D00F240ED /* AsyncRequestHandles.h */ = {isa = PBXFileReference; fileEncoding = 4; lastKnownFileType = sourcecode.c.h; path = AsyncRequestHandles.h; sourceTree = "<group>"; };
		6D90E7A61E4B004D00F240ED /* AsyncRequestHandles.m */ = {isa = PBXFileReference; fileEncoding = 4; lastKnownFileType = sourcecode.c.objc; path = AsyncRequestHandles.m; sourceTree = "<group>"; };
		6D90E7A71E4B004D00F240ED /* ModelHeader.h */ = {isa = PBXFileReference; fileEncoding = 4; lastKnownFileType = sourcecode.c.h; path = ModelHeader.h; sourceTree = "<group>"; };
		6D90E7A91E4B004D00F240ED /* Errand.h */ = {isa = PBXFileReference; fileEncoding = 4; lastKnownFileType = sourcecode.c.h; path = Errand.h; sourceTree = "<group>"; };
		6D90E7AA1E4B004D00F240ED /* Errand.m */ = {isa = PBXFileReference; fileEncoding = 4; lastKnownFileType = sourcecode.c.objc; path = Errand.m; sourceTree = "<group>"; };
		6D90E7AB1E4B004D00F240ED /* ErrandManager.h */ = {isa = PBXFileReference; fileEncoding = 4; lastKnownFileType = sourcecode.c.h; path = ErrandManager.h; sourceTree = "<group>"; };
		6D90E7AC1E4B004D00F240ED /* ErrandManager.m */ = {isa = PBXFileReference; fileEncoding = 4; lastKnownFileType = sourcecode.c.objc; path = ErrandManager.m; sourceTree = "<group>"; };
		6D90E7AF1E4B004D00F240ED /* ResponseHandle.h */ = {isa = PBXFileReference; fileEncoding = 4; lastKnownFileType = sourcecode.c.h; path = ResponseHandle.h; sourceTree = "<group>"; };
		6D90E7B01E4B004D00F240ED /* ResponseHandle.m */ = {isa = PBXFileReference; fileEncoding = 4; lastKnownFileType = sourcecode.c.objc; path = ResponseHandle.m; sourceTree = "<group>"; };
		6D90E7B31E4B004D00F240ED /* HttpResult.h */ = {isa = PBXFileReference; fileEncoding = 4; lastKnownFileType = sourcecode.c.h; path = HttpResult.h; sourceTree = "<group>"; };
		6D90E7B41E4B004D00F240ED /* HttpResult.m */ = {isa = PBXFileReference; fileEncoding = 4; lastKnownFileType = sourcecode.c.objc; path = HttpResult.m; sourceTree = "<group>"; };
		6D90E7B51E4B004D00F240ED /* NetworkRequest.h */ = {isa = PBXFileReference; fileEncoding = 4; lastKnownFileType = sourcecode.c.h; path = NetworkRequest.h; sourceTree = "<group>"; };
		6D90E7B61E4B004D00F240ED /* NetworkRequest.m */ = {isa = PBXFileReference; fileEncoding = 4; lastKnownFileType = sourcecode.c.objc; path = NetworkRequest.m; sourceTree = "<group>"; };
		6D90E7B71E4B004D00F240ED /* RequestEngine.h */ = {isa = PBXFileReference; fileEncoding = 4; lastKnownFileType = sourcecode.c.h; path = RequestEngine.h; sourceTree = "<group>"; };
		6D90E7B81E4B004D00F240ED /* RequestEngine.m */ = {isa = PBXFileReference; fileEncoding = 4; lastKnownFileType = sourcecode.c.objc; path = RequestEngine.m; sourceTree = "<group>"; };
		6D90E7BA1E4B004D00F240ED /* TaskSack.h */ = {isa = PBXFileReference; fileEncoding = 4; lastKnownFileType = sourcecode.c.h; path = TaskSack.h; sourceTree = "<group>"; };
		6D90E7BB1E4B004D00F240ED /* TaskSack.m */ = {isa = PBXFileReference; fileEncoding = 4; lastKnownFileType = sourcecode.c.objc; path = TaskSack.m; sourceTree = "<group>"; };
		6D90E7BE1E4B004D00F240ED /* ErrandCommon.h */ = {isa = PBXFileReference; fileEncoding = 4; lastKnownFileType = sourcecode.c.h; path = ErrandCommon.h; sourceTree = "<group>"; };
		6D90E7C01E4B004D00F240ED /* RequestResultBlock.h */ = {isa = PBXFileReference; fileEncoding = 4; lastKnownFileType = sourcecode.c.h; path = RequestResultBlock.h; sourceTree = "<group>"; };
		6D90E7C11E4B004D00F240ED /* RequestResultBlock.m */ = {isa = PBXFileReference; fileEncoding = 4; lastKnownFileType = sourcecode.c.objc; path = RequestResultBlock.m; sourceTree = "<group>"; };
		6D90E7C31E4B004D00F240ED /* RequestUtil.h */ = {isa = PBXFileReference; fileEncoding = 4; lastKnownFileType = sourcecode.c.h; path = RequestUtil.h; sourceTree = "<group>"; };
		6D90E7C41E4B004D00F240ED /* RequestUtil.m */ = {isa = PBXFileReference; fileEncoding = 4; lastKnownFileType = sourcecode.c.objc; path = RequestUtil.m; sourceTree = "<group>"; };
		6D90E7C61E4B004D00F240ED /* ResponseUtil.h */ = {isa = PBXFileReference; fileEncoding = 4; lastKnownFileType = sourcecode.c.h; path = ResponseUtil.h; sourceTree = "<group>"; };
		6D90E7C71E4B004D00F240ED /* ResponseUtil.m */ = {isa = PBXFileReference; fileEncoding = 4; lastKnownFileType = sourcecode.c.objc; path = ResponseUtil.m; sourceTree = "<group>"; };
		6D90E7C91E4B004D00F240ED /* NSObject+PreventModel.h */ = {isa = PBXFileReference; fileEncoding = 4; lastKnownFileType = sourcecode.c.h; path = "NSObject+PreventModel.h"; sourceTree = "<group>"; };
		6D90E7CA1E4B004D00F240ED /* NSObject+PreventModel.m */ = {isa = PBXFileReference; fileEncoding = 4; lastKnownFileType = sourcecode.c.objc; path = "NSObject+PreventModel.m"; sourceTree = "<group>"; };
		6D90E7CB1E4B004D00F240ED /* PreventClassInfo.h */ = {isa = PBXFileReference; fileEncoding = 4; lastKnownFileType = sourcecode.c.h; path = PreventClassInfo.h; sourceTree = "<group>"; };
		6D90E7CC1E4B004D00F240ED /* PreventClassInfo.m */ = {isa = PBXFileReference; fileEncoding = 4; lastKnownFileType = sourcecode.c.objc; path = PreventClassInfo.m; sourceTree = "<group>"; };
		6D9A14911E7FB616009B16A8 /* RecordTableViewCell.h */ = {isa = PBXFileReference; fileEncoding = 4; lastKnownFileType = sourcecode.c.h; path = RecordTableViewCell.h; sourceTree = "<group>"; };
		6D9A14921E7FB616009B16A8 /* RecordTableViewCell.m */ = {isa = PBXFileReference; fileEncoding = 4; lastKnownFileType = sourcecode.c.objc; path = RecordTableViewCell.m; sourceTree = "<group>"; };
		6DB3741A1E26220600F94F1D /* MineHeaderView.h */ = {isa = PBXFileReference; fileEncoding = 4; lastKnownFileType = sourcecode.c.h; path = MineHeaderView.h; sourceTree = "<group>"; };
		6DB3741B1E26220600F94F1D /* MineHeaderView.m */ = {isa = PBXFileReference; fileEncoding = 4; lastKnownFileType = sourcecode.c.objc; path = MineHeaderView.m; sourceTree = "<group>"; };
		6DB3741D1E2628EF00F94F1D /* MineTableViewCell.h */ = {isa = PBXFileReference; fileEncoding = 4; lastKnownFileType = sourcecode.c.h; path = MineTableViewCell.h; sourceTree = "<group>"; };
		6DB3741E1E2628EF00F94F1D /* MineTableViewCell.m */ = {isa = PBXFileReference; fileEncoding = 4; lastKnownFileType = sourcecode.c.objc; path = MineTableViewCell.m; sourceTree = "<group>"; };
		6DB374651E2E040D00F94F1D /* ListTableViewCell.h */ = {isa = PBXFileReference; fileEncoding = 4; lastKnownFileType = sourcecode.c.h; path = ListTableViewCell.h; sourceTree = "<group>"; };
		6DB374661E2E040D00F94F1D /* ListTableViewCell.m */ = {isa = PBXFileReference; fileEncoding = 4; lastKnownFileType = sourcecode.c.objc; path = ListTableViewCell.m; sourceTree = "<group>"; };
		6DB374E71E31E6CB00F94F1D /* SuggestViewController.h */ = {isa = PBXFileReference; fileEncoding = 4; lastKnownFileType = sourcecode.c.h; path = SuggestViewController.h; sourceTree = "<group>"; };
		6DB374E81E31E6CB00F94F1D /* SuggestViewController.m */ = {isa = PBXFileReference; fileEncoding = 4; lastKnownFileType = sourcecode.c.objc; path = SuggestViewController.m; sourceTree = "<group>"; };
		6DC510401E345E0F0067FB19 /* MoreViewController.h */ = {isa = PBXFileReference; fileEncoding = 4; lastKnownFileType = sourcecode.c.h; path = MoreViewController.h; sourceTree = "<group>"; };
		6DC510411E345E0F0067FB19 /* MoreViewController.m */ = {isa = PBXFileReference; fileEncoding = 4; lastKnownFileType = sourcecode.c.objc; path = MoreViewController.m; sourceTree = "<group>"; };
		6DC510431E3463180067FB19 /* MoreTableViewCell.h */ = {isa = PBXFileReference; fileEncoding = 4; lastKnownFileType = sourcecode.c.h; path = MoreTableViewCell.h; sourceTree = "<group>"; };
		6DC510441E3463180067FB19 /* MoreTableViewCell.m */ = {isa = PBXFileReference; fileEncoding = 4; lastKnownFileType = sourcecode.c.objc; path = MoreTableViewCell.m; sourceTree = "<group>"; };
		6DC510471E348B9F0067FB19 /* RecordViewController.h */ = {isa = PBXFileReference; fileEncoding = 4; lastKnownFileType = sourcecode.c.h; path = RecordViewController.h; sourceTree = "<group>"; };
		6DC510481E348B9F0067FB19 /* RecordViewController.m */ = {isa = PBXFileReference; fileEncoding = 4; lastKnownFileType = sourcecode.c.objc; path = RecordViewController.m; sourceTree = "<group>"; };
		6DC5104B1E348BDF0067FB19 /* LegendCell.h */ = {isa = PBXFileReference; fileEncoding = 4; lastKnownFileType = sourcecode.c.h; path = LegendCell.h; sourceTree = "<group>"; };
		6DC5104C1E348BDF0067FB19 /* LegendCell.m */ = {isa = PBXFileReference; fileEncoding = 4; lastKnownFileType = sourcecode.c.objc; path = LegendCell.m; sourceTree = "<group>"; };
		6DC5104D1E348BDF0067FB19 /* XTCirView.h */ = {isa = PBXFileReference; fileEncoding = 4; lastKnownFileType = sourcecode.c.h; path = XTCirView.h; sourceTree = "<group>"; };
		6DC5104E1E348BDF0067FB19 /* XTCirView.m */ = {isa = PBXFileReference; fileEncoding = 4; lastKnownFileType = sourcecode.c.objc; path = XTCirView.m; sourceTree = "<group>"; };
		6DC5104F1E348BDF0067FB19 /* XTGraphicalLayer.h */ = {isa = PBXFileReference; fileEncoding = 4; lastKnownFileType = sourcecode.c.h; path = XTGraphicalLayer.h; sourceTree = "<group>"; };
		6DC510501E348BDF0067FB19 /* XTGraphicalLayer.m */ = {isa = PBXFileReference; fileEncoding = 4; lastKnownFileType = sourcecode.c.objc; path = XTGraphicalLayer.m; sourceTree = "<group>"; };
		6DC5105F1E373A7C0067FB19 /* HistogramCell.h */ = {isa = PBXFileReference; fileEncoding = 4; lastKnownFileType = sourcecode.c.h; path = HistogramCell.h; sourceTree = "<group>"; };
		6DC510601E373A7C0067FB19 /* HistogramCell.m */ = {isa = PBXFileReference; fileEncoding = 4; lastKnownFileType = sourcecode.c.objc; path = HistogramCell.m; sourceTree = "<group>"; };
		6DC946551E24BCB100416517 /* SortCollectionViewCell.h */ = {isa = PBXFileReference; fileEncoding = 4; lastKnownFileType = sourcecode.c.h; path = SortCollectionViewCell.h; sourceTree = "<group>"; };
		6DC946561E24BCB100416517 /* SortCollectionViewCell.m */ = {isa = PBXFileReference; fileEncoding = 4; lastKnownFileType = sourcecode.c.objc; path = SortCollectionViewCell.m; sourceTree = "<group>"; };
		C4F08565B866DED0F6DD0928 /* libPods-TotalMoneyUITests.a */ = {isa = PBXFileReference; explicitFileType = archive.ar; includeInIndex = 0; path = "libPods-TotalMoneyUITests.a"; sourceTree = BUILT_PRODUCTS_DIR; };
		CF4B72F18FCEC6663867A0D1 /* Pods-TotalMoneyUITests.release.xcconfig */ = {isa = PBXFileReference; includeInIndex = 1; lastKnownFileType = text.xcconfig; name = "Pods-TotalMoneyUITests.release.xcconfig"; path = "Pods/Target Support Files/Pods-TotalMoneyUITests/Pods-TotalMoneyUITests.release.xcconfig"; sourceTree = "<group>"; };
		ED8F3C3328341D60CF2DF567 /* libPods-TotalMoney.a */ = {isa = PBXFileReference; explicitFileType = archive.ar; includeInIndex = 0; path = "libPods-TotalMoney.a"; sourceTree = BUILT_PRODUCTS_DIR; };
/* End PBXFileReference section */

/* Begin PBXFrameworksBuildPhase section */
		6D8769241DEEBD9F00AC9692 /* Frameworks */ = {
			isa = PBXFrameworksBuildPhase;
			buildActionMask = 2147483647;
			files = (
				D7C289BC6375EEF018B1CFAC /* libPods-TotalMoney.a in Frameworks */,
			);
			runOnlyForDeploymentPostprocessing = 0;
		};
		6D87693D1DEEBD9F00AC9692 /* Frameworks */ = {
			isa = PBXFrameworksBuildPhase;
			buildActionMask = 2147483647;
			files = (
			);
			runOnlyForDeploymentPostprocessing = 0;
		};
		6D8769481DEEBD9F00AC9692 /* Frameworks */ = {
			isa = PBXFrameworksBuildPhase;
			buildActionMask = 2147483647;
			files = (
				D04452AD528E587712896EC2 /* libPods-TotalMoneyUITests.a in Frameworks */,
			);
			runOnlyForDeploymentPostprocessing = 0;
		};
/* End PBXFrameworksBuildPhase section */

/* Begin PBXGroup section */
		2C276F53F8DE363F2032F2FB /* Frameworks */ = {
			isa = PBXGroup;
			children = (
				ED8F3C3328341D60CF2DF567 /* libPods-TotalMoney.a */,
				C4F08565B866DED0F6DD0928 /* libPods-TotalMoneyUITests.a */,
			);
			name = Frameworks;
			sourceTree = "<group>";
		};
		65F887851E4AA9BE00D82D40 /* LoginView */ = {
			isa = PBXGroup;
			children = (
				65F887861E4AA9DF00D82D40 /* LoginViewController.h */,
				65F887871E4AA9DF00D82D40 /* LoginViewController.m */,
				65F887891E4AA9EF00D82D40 /* RegistViewController.h */,
				65F8878A1E4AA9EF00D82D40 /* RegistViewController.m */,
			);
			path = LoginView;
			sourceTree = "<group>";
		};
		65F8878E1E4AAD9700D82D40 /* CustomTools */ = {
			isa = PBXGroup;
			children = (
				65F8878F1E4AADC000D82D40 /* Tools.h */,
				65F887901E4AADC000D82D40 /* Tools.m */,
			);
			path = CustomTools;
			sourceTree = "<group>";
		};
		6D1DFC701E0A643A00D44ED0 /* RecommendView */ = {
			isa = PBXGroup;
			children = (
				6D1DFC731E0A643A00D44ED0 /* View */,
				6D1DFC711E0A643A00D44ED0 /* RecommendedViewController.h */,
				6D1DFC721E0A643A00D44ED0 /* RecommendedViewController.m */,
			);
			path = RecommendView;
			sourceTree = "<group>";
		};
		6D1DFC731E0A643A00D44ED0 /* View */ = {
			isa = PBXGroup;
			children = (
				6D1DFC751E0A643A00D44ED0 /* RecommendCell.h */,
				6D1DFC761E0A643A00D44ED0 /* RecommendCell.m */,
				6DC5105F1E373A7C0067FB19 /* HistogramCell.h */,
				6DC510601E373A7C0067FB19 /* HistogramCell.m */,
			);
			path = View;
			sourceTree = "<group>";
		};
		6D1DFC791E0A648700D44ED0 /* BidListView */ = {
			isa = PBXGroup;
			children = (
				6DC946541E24BC8A00416517 /* View */,
				6D1DFC7B1E0A649500D44ED0 /* BidListViewController.h */,
				6D1DFC7C1E0A649500D44ED0 /* BidListViewController.m */,
			);
			path = BidListView;
			sourceTree = "<group>";
		};
		6D1DFC7A1E0A648700D44ED0 /* MineView */ = {
			isa = PBXGroup;
			children = (
				65F887851E4AA9BE00D82D40 /* LoginView */,
				6DC510461E348B910067FB19 /* RecordView */,
				6DC5103F1E345E030067FB19 /* MoreView */,
				6DB374E61E31E6BD00F94F1D /* SuggestView */,
				6DB374191E2621F400F94F1D /* View */,
				6D1DFC7E1E0A64A800D44ED0 /* MineViewController.h */,
				6D1DFC7F1E0A64A800D44ED0 /* MineViewController.m */,
			);
			path = MineView;
			sourceTree = "<group>";
		};
		6D87691E1DEEBD9F00AC9692 = {
			isa = PBXGroup;
			children = (
				6D8769291DEEBD9F00AC9692 /* TotalMoney */,
				6D8769431DEEBD9F00AC9692 /* TotalMoneyTests */,
				6D87694E1DEEBD9F00AC9692 /* TotalMoneyUITests */,
				6D8769281DEEBD9F00AC9692 /* Products */,
				B666B9AF7FB9647C5D968CC4 /* Pods */,
				2C276F53F8DE363F2032F2FB /* Frameworks */,
			);
			sourceTree = "<group>";
		};
		6D8769281DEEBD9F00AC9692 /* Products */ = {
			isa = PBXGroup;
			children = (
				6D8769271DEEBD9F00AC9692 /* TotalMoney.app */,
				6D8769401DEEBD9F00AC9692 /* TotalMoneyTests.xctest */,
				6D87694B1DEEBD9F00AC9692 /* TotalMoneyUITests.xctest */,
			);
			name = Products;
			sourceTree = "<group>";
		};
		6D8769291DEEBD9F00AC9692 /* TotalMoney */ = {
			isa = PBXGroup;
			children = (
				6D87695F1DEEBFE700AC9692 /* HelpToolsPrefix.pch */,
				6D8769811DEEC10F00AC9692 /* ViewControllers */,
				6D8769601DEEC06100AC9692 /* BaseViewController */,
				6D87695D1DEEBEAB00AC9692 /* Tools */,
				6D87692D1DEEBD9F00AC9692 /* AppDelegate.h */,
				6D87692E1DEEBD9F00AC9692 /* AppDelegate.m */,
				6D8769331DEEBD9F00AC9692 /* Main.storyboard */,
				6D8769361DEEBD9F00AC9692 /* Assets.xcassets */,
				6D8769381DEEBD9F00AC9692 /* LaunchScreen.storyboard */,
				6D87693B1DEEBD9F00AC9692 /* Info.plist */,
				6D87692A1DEEBD9F00AC9692 /* Supporting Files */,
			);
			path = TotalMoney;
			sourceTree = "<group>";
		};
		6D87692A1DEEBD9F00AC9692 /* Supporting Files */ = {
			isa = PBXGroup;
			children = (
				6D87692B1DEEBD9F00AC9692 /* main.m */,
				655B74831E34E3C7008E2360 /* Header.h */,
			);
			name = "Supporting Files";
			sourceTree = "<group>";
		};
		6D8769431DEEBD9F00AC9692 /* TotalMoneyTests */ = {
			isa = PBXGroup;
			children = (
				6D8769441DEEBD9F00AC9692 /* TotalMoneyTests.m */,
				6D8769461DEEBD9F00AC9692 /* Info.plist */,
			);
			path = TotalMoneyTests;
			sourceTree = "<group>";
		};
		6D87694E1DEEBD9F00AC9692 /* TotalMoneyUITests */ = {
			isa = PBXGroup;
			children = (
				6D87694F1DEEBD9F00AC9692 /* TotalMoneyUITests.m */,
				6D8769511DEEBD9F00AC9692 /* Info.plist */,
			);
			path = TotalMoneyUITests;
			sourceTree = "<group>";
		};
		6D87695D1DEEBEAB00AC9692 /* Tools */ = {
			isa = PBXGroup;
			children = (
				6D90E7A11E4B004D00F240ED /* Net */,
				65F8878E1E4AAD9700D82D40 /* CustomTools */,
				6D8769671DEEC07300AC9692 /* CategoryTools */,
			);
			path = Tools;
			sourceTree = "<group>";
		};
		6D8769601DEEC06100AC9692 /* BaseViewController */ = {
			isa = PBXGroup;
			children = (
				6D8769611DEEC06100AC9692 /* BaseViewController.h */,
				6D8769621DEEC06100AC9692 /* BaseViewController.m */,
				6D8769631DEEC06100AC9692 /* CustomNavViewController.h */,
				6D8769641DEEC06100AC9692 /* CustomNavViewController.m */,
				6D37C48A1E0A5BB800AC17ED /* RootTabBarViewController.h */,
				6D37C48B1E0A5BB800AC17ED /* RootTabBarViewController.m */,
			);
			path = BaseViewController;
			sourceTree = "<group>";
		};
		6D8769671DEEC07300AC9692 /* CategoryTools */ = {
			isa = PBXGroup;
			children = (
				6D8769681DEEC07300AC9692 /* CateGoryHeader.h */,
				6D8769691DEEC07300AC9692 /* NSString+MD5.h */,
				6D87696A1DEEC07300AC9692 /* NSString+MD5.m */,
				6D87696B1DEEC07300AC9692 /* NSString+Regex.h */,
				6D87696C1DEEC07300AC9692 /* NSString+Regex.m */,
				6D87696D1DEEC07300AC9692 /* UIButton+Extension.h */,
				6D87696E1DEEC07300AC9692 /* UIButton+Extension.m */,
				6D87696F1DEEC07300AC9692 /* UIButton+Repeat.h */,
				6D8769701DEEC07300AC9692 /* UIButton+Repeat.m */,
				6D8769711DEEC07300AC9692 /* UIGestureRecognizer+block.h */,
				6D8769721DEEC07300AC9692 /* UIGestureRecognizer+block.m */,
				6D8769731DEEC07300AC9692 /* UIImage+Compress.h */,
				6D8769741DEEC07300AC9692 /* UIImage+Compress.m */,
				6D8769751DEEC07300AC9692 /* UILabel+Extension.h */,
				6D8769761DEEC07300AC9692 /* UILabel+Extension.m */,
				6D8769771DEEC07300AC9692 /* UIView+LineView.h */,
				6D8769781DEEC07300AC9692 /* UIView+LineView.m */,
			);
			path = CategoryTools;
			sourceTree = "<group>";
		};
		6D8769811DEEC10F00AC9692 /* ViewControllers */ = {
			isa = PBXGroup;
			children = (
				6D1DFC791E0A648700D44ED0 /* BidListView */,
				6D1DFC7A1E0A648700D44ED0 /* MineView */,
				6D1DFC701E0A643A00D44ED0 /* RecommendView */,
			);
			path = ViewControllers;
			sourceTree = "<group>";
		};
		6D90E7A11E4B004D00F240ED /* Net */ = {
			isa = PBXGroup;
			children = (
				6D90E7A21E4B004D00F240ED /* NetworkServe */,
				6D90E7C81E4B004D00F240ED /* PreventModel */,
			);
			path = Net;
			sourceTree = "<group>";
		};
		6D90E7A21E4B004D00F240ED /* NetworkServe */ = {
			isa = PBXGroup;
			children = (
				6D90E7A41E4B004D00F240ED /* AsyncHandles */,
				6D90E7A81E4B004D00F240ED /* ErrandManager */,
				6D90E7AD1E4B004D00F240ED /* Handles */,
				6D90E7B11E4B004D00F240ED /* RequestEngine */,
				6D90E7B91E4B004D00F240ED /* TaskSack */,
				6D90E7BC1E4B004D00F240ED /* Utils */,
			);
			path = NetworkServe;
			sourceTree = "<group>";
		};
		6D90E7A41E4B004D00F240ED /* AsyncHandles */ = {
			isa = PBXGroup;
			children = (
				6D90E7A51E4B004D00F240ED /* AsyncRequestHandles.h */,
				6D90E7A61E4B004D00F240ED /* AsyncRequestHandles.m */,
				6D90E7A71E4B004D00F240ED /* ModelHeader.h */,
			);
			path = AsyncHandles;
			sourceTree = "<group>";
		};
		6D90E7A81E4B004D00F240ED /* ErrandManager */ = {
			isa = PBXGroup;
			children = (
				6D90E7A91E4B004D00F240ED /* Errand.h */,
				6D90E7AA1E4B004D00F240ED /* Errand.m */,
				6D90E7AB1E4B004D00F240ED /* ErrandManager.h */,
				6D90E7AC1E4B004D00F240ED /* ErrandManager.m */,
			);
			path = ErrandManager;
			sourceTree = "<group>";
		};
		6D90E7AD1E4B004D00F240ED /* Handles */ = {
			isa = PBXGroup;
			children = (
				6D90E7AE1E4B004D00F240ED /* ResponseHandle */,
			);
			path = Handles;
			sourceTree = "<group>";
		};
		6D90E7AE1E4B004D00F240ED /* ResponseHandle */ = {
			isa = PBXGroup;
			children = (
				6D90E7AF1E4B004D00F240ED /* ResponseHandle.h */,
				6D90E7B01E4B004D00F240ED /* ResponseHandle.m */,
			);
			path = ResponseHandle;
			sourceTree = "<group>";
		};
		6D90E7B11E4B004D00F240ED /* RequestEngine */ = {
			isa = PBXGroup;
			children = (
				6D90E7B21E4B004D00F240ED /* HttpResult */,
				6D90E7B51E4B004D00F240ED /* NetworkRequest.h */,
				6D90E7B61E4B004D00F240ED /* NetworkRequest.m */,
				6D90E7B71E4B004D00F240ED /* RequestEngine.h */,
				6D90E7B81E4B004D00F240ED /* RequestEngine.m */,
			);
			path = RequestEngine;
			sourceTree = "<group>";
		};
		6D90E7B21E4B004D00F240ED /* HttpResult */ = {
			isa = PBXGroup;
			children = (
				6D90E7B31E4B004D00F240ED /* HttpResult.h */,
				6D90E7B41E4B004D00F240ED /* HttpResult.m */,
			);
			path = HttpResult;
			sourceTree = "<group>";
		};
		6D90E7B91E4B004D00F240ED /* TaskSack */ = {
			isa = PBXGroup;
			children = (
				6D90E7BA1E4B004D00F240ED /* TaskSack.h */,
				6D90E7BB1E4B004D00F240ED /* TaskSack.m */,
			);
			path = TaskSack;
			sourceTree = "<group>";
		};
		6D90E7BC1E4B004D00F240ED /* Utils */ = {
			isa = PBXGroup;
			children = (
				6D90E7BD1E4B004D00F240ED /* ErrandCommon */,
				6D90E7BF1E4B004D00F240ED /* RequestResultBlock */,
				6D90E7C21E4B004D00F240ED /* RequestUtil */,
				6D90E7C51E4B004D00F240ED /* ResponseUtil */,
			);
			path = Utils;
			sourceTree = "<group>";
		};
		6D90E7BD1E4B004D00F240ED /* ErrandCommon */ = {
			isa = PBXGroup;
			children = (
				6D90E7BE1E4B004D00F240ED /* ErrandCommon.h */,
			);
			path = ErrandCommon;
			sourceTree = "<group>";
		};
		6D90E7BF1E4B004D00F240ED /* RequestResultBlock */ = {
			isa = PBXGroup;
			children = (
				6D90E7C01E4B004D00F240ED /* RequestResultBlock.h */,
				6D90E7C11E4B004D00F240ED /* RequestResultBlock.m */,
			);
			path = RequestResultBlock;
			sourceTree = "<group>";
		};
		6D90E7C21E4B004D00F240ED /* RequestUtil */ = {
			isa = PBXGroup;
			children = (
				6D90E7C31E4B004D00F240ED /* RequestUtil.h */,
				6D90E7C41E4B004D00F240ED /* RequestUtil.m */,
			);
			path = RequestUtil;
			sourceTree = "<group>";
		};
		6D90E7C51E4B004D00F240ED /* ResponseUtil */ = {
			isa = PBXGroup;
			children = (
				6D90E7C61E4B004D00F240ED /* ResponseUtil.h */,
				6D90E7C71E4B004D00F240ED /* ResponseUtil.m */,
			);
			path = ResponseUtil;
			sourceTree = "<group>";
		};
		6D90E7C81E4B004D00F240ED /* PreventModel */ = {
			isa = PBXGroup;
			children = (
				6D90E7C91E4B004D00F240ED /* NSObject+PreventModel.h */,
				6D90E7CA1E4B004D00F240ED /* NSObject+PreventModel.m */,
				6D90E7CB1E4B004D00F240ED /* PreventClassInfo.h */,
				6D90E7CC1E4B004D00F240ED /* PreventClassInfo.m */,
			);
			path = PreventModel;
			sourceTree = "<group>";
		};
		6DB374191E2621F400F94F1D /* View */ = {
			isa = PBXGroup;
			children = (
				6DB3741A1E26220600F94F1D /* MineHeaderView.h */,
				6DB3741B1E26220600F94F1D /* MineHeaderView.m */,
				6DB3741D1E2628EF00F94F1D /* MineTableViewCell.h */,
				6DB3741E1E2628EF00F94F1D /* MineTableViewCell.m */,
			);
			path = View;
			sourceTree = "<group>";
		};
		6DB374E61E31E6BD00F94F1D /* SuggestView */ = {
			isa = PBXGroup;
			children = (
				6DB374E71E31E6CB00F94F1D /* SuggestViewController.h */,
				6DB374E81E31E6CB00F94F1D /* SuggestViewController.m */,
			);
			path = SuggestView;
			sourceTree = "<group>";
		};
		6DC5103F1E345E030067FB19 /* MoreView */ = {
			isa = PBXGroup;
			children = (
				6DC510401E345E0F0067FB19 /* MoreViewController.h */,
				6DC510411E345E0F0067FB19 /* MoreViewController.m */,
				6DC510431E3463180067FB19 /* MoreTableViewCell.h */,
				6DC510441E3463180067FB19 /* MoreTableViewCell.m */,
			);
			path = MoreView;
			sourceTree = "<group>";
		};
		6DC510461E348B910067FB19 /* RecordView */ = {
			isa = PBXGroup;
			children = (
				6DC5104A1E348BD60067FB19 /* XTGraphcal */,
				6DC510471E348B9F0067FB19 /* RecordViewController.h */,
				6DC510481E348B9F0067FB19 /* RecordViewController.m */,
				6D9A14911E7FB616009B16A8 /* RecordTableViewCell.h */,
				6D9A14921E7FB616009B16A8 /* RecordTableViewCell.m */,
			);
			path = RecordView;
			sourceTree = "<group>";
		};
		6DC5104A1E348BD60067FB19 /* XTGraphcal */ = {
			isa = PBXGroup;
			children = (
				6DC5104B1E348BDF0067FB19 /* LegendCell.h */,
				6DC5104C1E348BDF0067FB19 /* LegendCell.m */,
				6DC5104D1E348BDF0067FB19 /* XTCirView.h */,
				6DC5104E1E348BDF0067FB19 /* XTCirView.m */,
				6DC5104F1E348BDF0067FB19 /* XTGraphicalLayer.h */,
				6DC510501E348BDF0067FB19 /* XTGraphicalLayer.m */,
			);
			path = XTGraphcal;
			sourceTree = "<group>";
		};
		6DC946541E24BC8A00416517 /* View */ = {
			isa = PBXGroup;
			children = (
				6DC946551E24BCB100416517 /* SortCollectionViewCell.h */,
				6DC946561E24BCB100416517 /* SortCollectionViewCell.m */,
				6DB374651E2E040D00F94F1D /* ListTableViewCell.h */,
				6DB374661E2E040D00F94F1D /* ListTableViewCell.m */,
			);
			path = View;
			sourceTree = "<group>";
		};
		B666B9AF7FB9647C5D968CC4 /* Pods */ = {
			isa = PBXGroup;
			children = (
				3A7175DA034D065C36582E4E /* Pods-TotalMoney.debug.xcconfig */,
				42E164017839AEE01F6B9F53 /* Pods-TotalMoney.release.xcconfig */,
				264BA28A3DA05E3E052FA95D /* Pods-TotalMoneyUITests.debug.xcconfig */,
				CF4B72F18FCEC6663867A0D1 /* Pods-TotalMoneyUITests.release.xcconfig */,
			);
			name = Pods;
			sourceTree = "<group>";
		};
/* End PBXGroup section */

/* Begin PBXNativeTarget section */
		6D8769261DEEBD9F00AC9692 /* TotalMoney */ = {
			isa = PBXNativeTarget;
			buildConfigurationList = 6D8769541DEEBD9F00AC9692 /* Build configuration list for PBXNativeTarget "TotalMoney" */;
			buildPhases = (
				4B0D7DACD0ED20CC5676EDE0 /* [CP] Check Pods Manifest.lock */,
				6D8769231DEEBD9F00AC9692 /* Sources */,
				6D8769241DEEBD9F00AC9692 /* Frameworks */,
				6D8769251DEEBD9F00AC9692 /* Resources */,
				695EB55B0362832F05747893 /* [CP] Embed Pods Frameworks */,
				AC637FA2D5754FD886A950CA /* [CP] Copy Pods Resources */,
			);
			buildRules = (
			);
			dependencies = (
			);
			name = TotalMoney;
			productName = TotalMoney;
			productReference = 6D8769271DEEBD9F00AC9692 /* TotalMoney.app */;
			productType = "com.apple.product-type.application";
		};
		6D87693F1DEEBD9F00AC9692 /* TotalMoneyTests */ = {
			isa = PBXNativeTarget;
			buildConfigurationList = 6D8769571DEEBD9F00AC9692 /* Build configuration list for PBXNativeTarget "TotalMoneyTests" */;
			buildPhases = (
				6D87693C1DEEBD9F00AC9692 /* Sources */,
				6D87693D1DEEBD9F00AC9692 /* Frameworks */,
				6D87693E1DEEBD9F00AC9692 /* Resources */,
			);
			buildRules = (
			);
			dependencies = (
				6D8769421DEEBD9F00AC9692 /* PBXTargetDependency */,
			);
			name = TotalMoneyTests;
			productName = TotalMoneyTests;
			productReference = 6D8769401DEEBD9F00AC9692 /* TotalMoneyTests.xctest */;
			productType = "com.apple.product-type.bundle.unit-test";
		};
		6D87694A1DEEBD9F00AC9692 /* TotalMoneyUITests */ = {
			isa = PBXNativeTarget;
			buildConfigurationList = 6D87695A1DEEBD9F00AC9692 /* Build configuration list for PBXNativeTarget "TotalMoneyUITests" */;
			buildPhases = (
				66E96234AE8D486C9EC1FA80 /* [CP] Check Pods Manifest.lock */,
				6D8769471DEEBD9F00AC9692 /* Sources */,
				6D8769481DEEBD9F00AC9692 /* Frameworks */,
				6D8769491DEEBD9F00AC9692 /* Resources */,
				477ECF8304866886C4D8BDC1 /* [CP] Embed Pods Frameworks */,
				1973CC8C8B14CE651D410C03 /* [CP] Copy Pods Resources */,
			);
			buildRules = (
			);
			dependencies = (
				6D87694D1DEEBD9F00AC9692 /* PBXTargetDependency */,
			);
			name = TotalMoneyUITests;
			productName = TotalMoneyUITests;
			productReference = 6D87694B1DEEBD9F00AC9692 /* TotalMoneyUITests.xctest */;
			productType = "com.apple.product-type.bundle.ui-testing";
		};
/* End PBXNativeTarget section */

/* Begin PBXProject section */
		6D87691F1DEEBD9F00AC9692 /* Project object */ = {
			isa = PBXProject;
			attributes = {
				LastUpgradeCheck = 0820;
				ORGANIZATIONNAME = "叶慧伟";
				TargetAttributes = {
					6D8769261DEEBD9F00AC9692 = {
						CreatedOnToolsVersion = 8.1;
						DevelopmentTeam = 37B4X3EZ65;
						ProvisioningStyle = Automatic;
					};
					6D87693F1DEEBD9F00AC9692 = {
						CreatedOnToolsVersion = 8.1;
						ProvisioningStyle = Automatic;
						TestTargetID = 6D8769261DEEBD9F00AC9692;
					};
					6D87694A1DEEBD9F00AC9692 = {
						CreatedOnToolsVersion = 8.1;
						ProvisioningStyle = Automatic;
						TestTargetID = 6D8769261DEEBD9F00AC9692;
					};
				};
			};
			buildConfigurationList = 6D8769221DEEBD9F00AC9692 /* Build configuration list for PBXProject "TotalMoney" */;
			compatibilityVersion = "Xcode 3.2";
			developmentRegion = English;
			hasScannedForEncodings = 0;
			knownRegions = (
				en,
				Base,
			);
			mainGroup = 6D87691E1DEEBD9F00AC9692;
			productRefGroup = 6D8769281DEEBD9F00AC9692 /* Products */;
			projectDirPath = "";
			projectRoot = "";
			targets = (
				6D8769261DEEBD9F00AC9692 /* TotalMoney */,
				6D87693F1DEEBD9F00AC9692 /* TotalMoneyTests */,
				6D87694A1DEEBD9F00AC9692 /* TotalMoneyUITests */,
			);
		};
/* End PBXProject section */

/* Begin PBXResourcesBuildPhase section */
		6D8769251DEEBD9F00AC9692 /* Resources */ = {
			isa = PBXResourcesBuildPhase;
			buildActionMask = 2147483647;
			files = (
				6D87693A1DEEBD9F00AC9692 /* LaunchScreen.storyboard in Resources */,
				6D8769371DEEBD9F00AC9692 /* Assets.xcassets in Resources */,
				6D8769351DEEBD9F00AC9692 /* Main.storyboard in Resources */,
			);
			runOnlyForDeploymentPostprocessing = 0;
		};
		6D87693E1DEEBD9F00AC9692 /* Resources */ = {
			isa = PBXResourcesBuildPhase;
			buildActionMask = 2147483647;
			files = (
			);
			runOnlyForDeploymentPostprocessing = 0;
		};
		6D8769491DEEBD9F00AC9692 /* Resources */ = {
			isa = PBXResourcesBuildPhase;
			buildActionMask = 2147483647;
			files = (
			);
			runOnlyForDeploymentPostprocessing = 0;
		};
/* End PBXResourcesBuildPhase section */

/* Begin PBXShellScriptBuildPhase section */
		1973CC8C8B14CE651D410C03 /* [CP] Copy Pods Resources */ = {
			isa = PBXShellScriptBuildPhase;
			buildActionMask = 2147483647;
			files = (
			);
			inputPaths = (
			);
			name = "[CP] Copy Pods Resources";
			outputPaths = (
			);
			runOnlyForDeploymentPostprocessing = 0;
			shellPath = /bin/sh;
			shellScript = "\"${SRCROOT}/Pods/Target Support Files/Pods-TotalMoneyUITests/Pods-TotalMoneyUITests-resources.sh\"\n";
			showEnvVarsInLog = 0;
		};
		477ECF8304866886C4D8BDC1 /* [CP] Embed Pods Frameworks */ = {
			isa = PBXShellScriptBuildPhase;
			buildActionMask = 2147483647;
			files = (
			);
			inputPaths = (
			);
			name = "[CP] Embed Pods Frameworks";
			outputPaths = (
			);
			runOnlyForDeploymentPostprocessing = 0;
			shellPath = /bin/sh;
			shellScript = "\"${SRCROOT}/Pods/Target Support Files/Pods-TotalMoneyUITests/Pods-TotalMoneyUITests-frameworks.sh\"\n";
			showEnvVarsInLog = 0;
		};
		4B0D7DACD0ED20CC5676EDE0 /* [CP] Check Pods Manifest.lock */ = {
			isa = PBXShellScriptBuildPhase;
			buildActionMask = 2147483647;
			files = (
			);
			inputPaths = (
			);
			name = "[CP] Check Pods Manifest.lock";
			outputPaths = (
			);
			runOnlyForDeploymentPostprocessing = 0;
			shellPath = /bin/sh;
			shellScript = "diff \"${PODS_ROOT}/../Podfile.lock\" \"${PODS_ROOT}/Manifest.lock\" > /dev/null\nif [ $? != 0 ] ; then\n    # print error to STDERR\n    echo \"error: The sandbox is not in sync with the Podfile.lock. Run 'pod install' or update your CocoaPods installation.\" >&2\n    exit 1\nfi\n";
			showEnvVarsInLog = 0;
		};
		66E96234AE8D486C9EC1FA80 /* [CP] Check Pods Manifest.lock */ = {
			isa = PBXShellScriptBuildPhase;
			buildActionMask = 2147483647;
			files = (
			);
			inputPaths = (
			);
			name = "[CP] Check Pods Manifest.lock";
			outputPaths = (
			);
			runOnlyForDeploymentPostprocessing = 0;
			shellPath = /bin/sh;
			shellScript = "diff \"${PODS_ROOT}/../Podfile.lock\" \"${PODS_ROOT}/Manifest.lock\" > /dev/null\nif [ $? != 0 ] ; then\n    # print error to STDERR\n    echo \"error: The sandbox is not in sync with the Podfile.lock. Run 'pod install' or update your CocoaPods installation.\" >&2\n    exit 1\nfi\n";
			showEnvVarsInLog = 0;
		};
		695EB55B0362832F05747893 /* [CP] Embed Pods Frameworks */ = {
			isa = PBXShellScriptBuildPhase;
			buildActionMask = 2147483647;
			files = (
			);
			inputPaths = (
			);
			name = "[CP] Embed Pods Frameworks";
			outputPaths = (
			);
			runOnlyForDeploymentPostprocessing = 0;
			shellPath = /bin/sh;
			shellScript = "\"${SRCROOT}/Pods/Target Support Files/Pods-TotalMoney/Pods-TotalMoney-frameworks.sh\"\n";
			showEnvVarsInLog = 0;
		};
		AC637FA2D5754FD886A950CA /* [CP] Copy Pods Resources */ = {
			isa = PBXShellScriptBuildPhase;
			buildActionMask = 2147483647;
			files = (
			);
			inputPaths = (
			);
			name = "[CP] Copy Pods Resources";
			outputPaths = (
			);
			runOnlyForDeploymentPostprocessing = 0;
			shellPath = /bin/sh;
			shellScript = "\"${SRCROOT}/Pods/Target Support Files/Pods-TotalMoney/Pods-TotalMoney-resources.sh\"\n";
			showEnvVarsInLog = 0;
		};
/* End PBXShellScriptBuildPhase section */

/* Begin PBXSourcesBuildPhase section */
		6D8769231DEEBD9F00AC9692 /* Sources */ = {
			isa = PBXSourcesBuildPhase;
			buildActionMask = 2147483647;
			files = (
				65F887881E4AA9DF00D82D40 /* LoginViewController.m in Sources */,
				6D87697F1DEEC07300AC9692 /* UILabel+Extension.m in Sources */,
				6D90E7D41E4B004D00F240ED /* TaskSack.m in Sources */,
				6D90E7D21E4B004D00F240ED /* NetworkRequest.m in Sources */,
				6D8769791DEEC07300AC9692 /* NSString+MD5.m in Sources */,
				6D90E7D91E4B004D00F240ED /* PreventClassInfo.m in Sources */,
				6DC510611E373A7C0067FB19 /* HistogramCell.m in Sources */,
				6DC510421E345E0F0067FB19 /* MoreViewController.m in Sources */,
				6D90E7CE1E4B004D00F240ED /* Errand.m in Sources */,
				6D90E7D01E4B004D00F240ED /* ResponseHandle.m in Sources */,
				6DB3741F1E2628EF00F94F1D /* MineTableViewCell.m in Sources */,
				6D90E7D81E4B004D00F240ED /* NSObject+PreventModel.m in Sources */,
				6DC510491E348B9F0067FB19 /* RecordViewController.m in Sources */,
				6DC510451E3463180067FB19 /* MoreTableViewCell.m in Sources */,
				6D87697B1DEEC07300AC9692 /* UIButton+Extension.m in Sources */,
				6D90E7CD1E4B004D00F240ED /* AsyncRequestHandles.m in Sources */,
				6D8769661DEEC06100AC9692 /* CustomNavViewController.m in Sources */,
				6D8769801DEEC07300AC9692 /* UIView+LineView.m in Sources */,
				6DC510531E348BDF0067FB19 /* XTGraphicalLayer.m in Sources */,
				6D90E7D51E4B004D00F240ED /* RequestResultBlock.m in Sources */,
				6D8769651DEEC06100AC9692 /* BaseViewController.m in Sources */,
				6D90E7CF1E4B004D00F240ED /* ErrandManager.m in Sources */,
				6D87692F1DEEBD9F00AC9692 /* AppDelegate.m in Sources */,
				6D1DFC781E0A643A00D44ED0 /* RecommendCell.m in Sources */,
				65F8878B1E4AA9EF00D82D40 /* RegistViewController.m in Sources */,
				6D90E7D11E4B004D00F240ED /* HttpResult.m in Sources */,
				6DC510511E348BDF0067FB19 /* LegendCell.m in Sources */,
				6D1DFC771E0A643A00D44ED0 /* RecommendedViewController.m in Sources */,
				65F887911E4AADC000D82D40 /* Tools.m in Sources */,
				6D87697C1DEEC07300AC9692 /* UIButton+Repeat.m in Sources */,
				6D87697A1DEEC07300AC9692 /* NSString+Regex.m in Sources */,
				6D37C48C1E0A5BB800AC17ED /* RootTabBarViewController.m in Sources */,
				6D1DFC801E0A64A800D44ED0 /* MineViewController.m in Sources */,
				6D90E7D61E4B004D00F240ED /* RequestUtil.m in Sources */,
				6D1DFC7D1E0A649500D44ED0 /* BidListViewController.m in Sources */,
				6D87697E1DEEC07300AC9692 /* UIImage+Compress.m in Sources */,
				6D87692C1DEEBD9F00AC9692 /* main.m in Sources */,
				6DC946571E24BCB100416517 /* SortCollectionViewCell.m in Sources */,
				6D90E7D31E4B004D00F240ED /* RequestEngine.m in Sources */,
				6DC510521E348BDF0067FB19 /* XTCirView.m in Sources */,
				6D90E7D71E4B004D00F240ED /* ResponseUtil.m in Sources */,
				6DB374671E2E040D00F94F1D /* ListTableViewCell.m in Sources */,
				6D9A14931E7FB616009B16A8 /* RecordTableViewCell.m in Sources */,
				6DB3741C1E26220600F94F1D /* MineHeaderView.m in Sources */,
				6D87697D1DEEC07300AC9692 /* UIGestureRecognizer+block.m in Sources */,
				6DB374E91E31E6CB00F94F1D /* SuggestViewController.m in Sources */,
			);
			runOnlyForDeploymentPostprocessing = 0;
		};
		6D87693C1DEEBD9F00AC9692 /* Sources */ = {
			isa = PBXSourcesBuildPhase;
			buildActionMask = 2147483647;
			files = (
				6D8769451DEEBD9F00AC9692 /* TotalMoneyTests.m in Sources */,
			);
			runOnlyForDeploymentPostprocessing = 0;
		};
		6D8769471DEEBD9F00AC9692 /* Sources */ = {
			isa = PBXSourcesBuildPhase;
			buildActionMask = 2147483647;
			files = (
				6D8769501DEEBD9F00AC9692 /* TotalMoneyUITests.m in Sources */,
			);
			runOnlyForDeploymentPostprocessing = 0;
		};
/* End PBXSourcesBuildPhase section */

/* Begin PBXTargetDependency section */
		6D8769421DEEBD9F00AC9692 /* PBXTargetDependency */ = {
			isa = PBXTargetDependency;
			target = 6D8769261DEEBD9F00AC9692 /* TotalMoney */;
			targetProxy = 6D8769411DEEBD9F00AC9692 /* PBXContainerItemProxy */;
		};
		6D87694D1DEEBD9F00AC9692 /* PBXTargetDependency */ = {
			isa = PBXTargetDependency;
			target = 6D8769261DEEBD9F00AC9692 /* TotalMoney */;
			targetProxy = 6D87694C1DEEBD9F00AC9692 /* PBXContainerItemProxy */;
		};
/* End PBXTargetDependency section */

/* Begin PBXVariantGroup section */
		6D8769331DEEBD9F00AC9692 /* Main.storyboard */ = {
			isa = PBXVariantGroup;
			children = (
				6D8769341DEEBD9F00AC9692 /* Base */,
			);
			name = Main.storyboard;
			sourceTree = "<group>";
		};
		6D8769381DEEBD9F00AC9692 /* LaunchScreen.storyboard */ = {
			isa = PBXVariantGroup;
			children = (
				6D8769391DEEBD9F00AC9692 /* Base */,
			);
			name = LaunchScreen.storyboard;
			sourceTree = "<group>";
		};
/* End PBXVariantGroup section */

/* Begin XCBuildConfiguration section */
		6D8769521DEEBD9F00AC9692 /* Debug */ = {
			isa = XCBuildConfiguration;
			buildSettings = {
				ALWAYS_SEARCH_USER_PATHS = NO;
				CLANG_ANALYZER_NONNULL = YES;
				CLANG_CXX_LANGUAGE_STANDARD = "gnu++0x";
				CLANG_CXX_LIBRARY = "libc++";
				CLANG_ENABLE_MODULES = YES;
				CLANG_ENABLE_OBJC_ARC = YES;
				CLANG_WARN_BOOL_CONVERSION = YES;
				CLANG_WARN_CONSTANT_CONVERSION = YES;
				CLANG_WARN_DIRECT_OBJC_ISA_USAGE = YES_ERROR;
				CLANG_WARN_DOCUMENTATION_COMMENTS = YES;
				CLANG_WARN_EMPTY_BODY = YES;
				CLANG_WARN_ENUM_CONVERSION = YES;
				CLANG_WARN_INFINITE_RECURSION = YES;
				CLANG_WARN_INT_CONVERSION = YES;
				CLANG_WARN_OBJC_ROOT_CLASS = YES_ERROR;
				CLANG_WARN_SUSPICIOUS_MOVE = YES;
				CLANG_WARN_SUSPICIOUS_MOVES = YES;
				CLANG_WARN_UNREACHABLE_CODE = YES;
				CLANG_WARN__DUPLICATE_METHOD_MATCH = YES;
				"CODE_SIGN_IDENTITY[sdk=iphoneos*]" = "iPhone Developer";
				COPY_PHASE_STRIP = NO;
				DEBUG_INFORMATION_FORMAT = dwarf;
				ENABLE_STRICT_OBJC_MSGSEND = YES;
				ENABLE_TESTABILITY = YES;
				GCC_C_LANGUAGE_STANDARD = gnu99;
				GCC_DYNAMIC_NO_PIC = NO;
				GCC_NO_COMMON_BLOCKS = YES;
				GCC_OPTIMIZATION_LEVEL = 0;
				GCC_PREPROCESSOR_DEFINITIONS = (
					"DEBUG=1",
					"$(inherited)",
				);
				GCC_WARN_64_TO_32_BIT_CONVERSION = YES;
				GCC_WARN_ABOUT_RETURN_TYPE = YES_ERROR;
				GCC_WARN_UNDECLARED_SELECTOR = YES;
				GCC_WARN_UNINITIALIZED_AUTOS = YES_AGGRESSIVE;
				GCC_WARN_UNUSED_FUNCTION = YES;
				GCC_WARN_UNUSED_VARIABLE = YES;
				IPHONEOS_DEPLOYMENT_TARGET = 10.1;
				MTL_ENABLE_DEBUG_INFO = YES;
				ONLY_ACTIVE_ARCH = YES;
				SDKROOT = iphoneos;
				TARGETED_DEVICE_FAMILY = "1,2";
			};
			name = Debug;
		};
		6D8769531DEEBD9F00AC9692 /* Release */ = {
			isa = XCBuildConfiguration;
			buildSettings = {
				ALWAYS_SEARCH_USER_PATHS = NO;
				CLANG_ANALYZER_NONNULL = YES;
				CLANG_CXX_LANGUAGE_STANDARD = "gnu++0x";
				CLANG_CXX_LIBRARY = "libc++";
				CLANG_ENABLE_MODULES = YES;
				CLANG_ENABLE_OBJC_ARC = YES;
				CLANG_WARN_BOOL_CONVERSION = YES;
				CLANG_WARN_CONSTANT_CONVERSION = YES;
				CLANG_WARN_DIRECT_OBJC_ISA_USAGE = YES_ERROR;
				CLANG_WARN_DOCUMENTATION_COMMENTS = YES;
				CLANG_WARN_EMPTY_BODY = YES;
				CLANG_WARN_ENUM_CONVERSION = YES;
				CLANG_WARN_INFINITE_RECURSION = YES;
				CLANG_WARN_INT_CONVERSION = YES;
				CLANG_WARN_OBJC_ROOT_CLASS = YES_ERROR;
				CLANG_WARN_SUSPICIOUS_MOVE = YES;
				CLANG_WARN_SUSPICIOUS_MOVES = YES;
				CLANG_WARN_UNREACHABLE_CODE = YES;
				CLANG_WARN__DUPLICATE_METHOD_MATCH = YES;
				"CODE_SIGN_IDENTITY[sdk=iphoneos*]" = "iPhone Developer";
				COPY_PHASE_STRIP = NO;
				DEBUG_INFORMATION_FORMAT = "dwarf-with-dsym";
				ENABLE_NS_ASSERTIONS = NO;
				ENABLE_STRICT_OBJC_MSGSEND = YES;
				GCC_C_LANGUAGE_STANDARD = gnu99;
				GCC_NO_COMMON_BLOCKS = YES;
				GCC_WARN_64_TO_32_BIT_CONVERSION = YES;
				GCC_WARN_ABOUT_RETURN_TYPE = YES_ERROR;
				GCC_WARN_UNDECLARED_SELECTOR = YES;
				GCC_WARN_UNINITIALIZED_AUTOS = YES_AGGRESSIVE;
				GCC_WARN_UNUSED_FUNCTION = YES;
				GCC_WARN_UNUSED_VARIABLE = YES;
				IPHONEOS_DEPLOYMENT_TARGET = 10.1;
				MTL_ENABLE_DEBUG_INFO = NO;
				SDKROOT = iphoneos;
				TARGETED_DEVICE_FAMILY = "1,2";
				VALIDATE_PRODUCT = YES;
			};
			name = Release;
		};
		6D8769551DEEBD9F00AC9692 /* Debug */ = {
			isa = XCBuildConfiguration;
			baseConfigurationReference = 3A7175DA034D065C36582E4E /* Pods-TotalMoney.debug.xcconfig */;
			buildSettings = {
				ASSETCATALOG_COMPILER_APPICON_NAME = AppIcon;
				DEVELOPMENT_TEAM = 37B4X3EZ65;
				GCC_PREFIX_HEADER = "$(SRCROOT)/TotalMoney/HelpToolsPrefix.pch";
				INFOPLIST_FILE = TotalMoney/Info.plist;
				LD_RUNPATH_SEARCH_PATHS = "$(inherited) @executable_path/Frameworks";
				PRODUCT_BUNDLE_IDENTIFIER = "fuck-Come.TotalMoney";
				PRODUCT_NAME = "$(TARGET_NAME)";
			};
			name = Debug;
		};
		6D8769561DEEBD9F00AC9692 /* Release */ = {
			isa = XCBuildConfiguration;
			baseConfigurationReference = 42E164017839AEE01F6B9F53 /* Pods-TotalMoney.release.xcconfig */;
			buildSettings = {
				ASSETCATALOG_COMPILER_APPICON_NAME = AppIcon;
				DEVELOPMENT_TEAM = 37B4X3EZ65;
				GCC_PREFIX_HEADER = "$(SRCROOT)/TotalMoney/HelpToolsPrefix.pch";
				INFOPLIST_FILE = TotalMoney/Info.plist;
				LD_RUNPATH_SEARCH_PATHS = "$(inherited) @executable_path/Frameworks";
				PRODUCT_BUNDLE_IDENTIFIER = "fuck-Come.TotalMoney";
				PRODUCT_NAME = "$(TARGET_NAME)";
			};
			name = Release;
		};
		6D8769581DEEBD9F00AC9692 /* Debug */ = {
			isa = XCBuildConfiguration;
			buildSettings = {
				BUNDLE_LOADER = "$(TEST_HOST)";
				INFOPLIST_FILE = TotalMoneyTests/Info.plist;
				LD_RUNPATH_SEARCH_PATHS = "$(inherited) @executable_path/Frameworks @loader_path/Frameworks";
				PRODUCT_BUNDLE_IDENTIFIER = "fuck-Come.TotalMoneyTests";
				PRODUCT_NAME = "$(TARGET_NAME)";
				TEST_HOST = "$(BUILT_PRODUCTS_DIR)/TotalMoney.app/TotalMoney";
			};
			name = Debug;
		};
		6D8769591DEEBD9F00AC9692 /* Release */ = {
			isa = XCBuildConfiguration;
			buildSettings = {
				BUNDLE_LOADER = "$(TEST_HOST)";
				INFOPLIST_FILE = TotalMoneyTests/Info.plist;
				LD_RUNPATH_SEARCH_PATHS = "$(inherited) @executable_path/Frameworks @loader_path/Frameworks";
				PRODUCT_BUNDLE_IDENTIFIER = "fuck-Come.TotalMoneyTests";
				PRODUCT_NAME = "$(TARGET_NAME)";
				TEST_HOST = "$(BUILT_PRODUCTS_DIR)/TotalMoney.app/TotalMoney";
			};
			name = Release;
		};
		6D87695B1DEEBD9F00AC9692 /* Debug */ = {
			isa = XCBuildConfiguration;
			baseConfigurationReference = 264BA28A3DA05E3E052FA95D /* Pods-TotalMoneyUITests.debug.xcconfig */;
			buildSettings = {
				INFOPLIST_FILE = TotalMoneyUITests/Info.plist;
				LD_RUNPATH_SEARCH_PATHS = "$(inherited) @executable_path/Frameworks @loader_path/Frameworks";
				PRODUCT_BUNDLE_IDENTIFIER = "fuck-Come.TotalMoneyUITests";
				PRODUCT_NAME = "$(TARGET_NAME)";
				TEST_TARGET_NAME = TotalMoney;
			};
			name = Debug;
		};
		6D87695C1DEEBD9F00AC9692 /* Release */ = {
			isa = XCBuildConfiguration;
			baseConfigurationReference = CF4B72F18FCEC6663867A0D1 /* Pods-TotalMoneyUITests.release.xcconfig */;
			buildSettings = {
				INFOPLIST_FILE = TotalMoneyUITests/Info.plist;
				LD_RUNPATH_SEARCH_PATHS = "$(inherited) @executable_path/Frameworks @loader_path/Frameworks";
				PRODUCT_BUNDLE_IDENTIFIER = "fuck-Come.TotalMoneyUITests";
				PRODUCT_NAME = "$(TARGET_NAME)";
				TEST_TARGET_NAME = TotalMoney;
			};
			name = Release;
		};
/* End XCBuildConfiguration section */

/* Begin XCConfigurationList section */
		6D8769221DEEBD9F00AC9692 /* Build configuration list for PBXProject "TotalMoney" */ = {
			isa = XCConfigurationList;
			buildConfigurations = (
				6D8769521DEEBD9F00AC9692 /* Debug */,
				6D8769531DEEBD9F00AC9692 /* Release */,
			);
			defaultConfigurationIsVisible = 0;
			defaultConfigurationName = Release;
		};
		6D8769541DEEBD9F00AC9692 /* Build configuration list for PBXNativeTarget "TotalMoney" */ = {
			isa = XCConfigurationList;
			buildConfigurations = (
				6D8769551DEEBD9F00AC9692 /* Debug */,
				6D8769561DEEBD9F00AC9692 /* Release */,
			);
			defaultConfigurationIsVisible = 0;
			defaultConfigurationName = Release;
		};
		6D8769571DEEBD9F00AC9692 /* Build configuration list for PBXNativeTarget "TotalMoneyTests" */ = {
			isa = XCConfigurationList;
			buildConfigurations = (
				6D8769581DEEBD9F00AC9692 /* Debug */,
				6D8769591DEEBD9F00AC9692 /* Release */,
			);
			defaultConfigurationIsVisible = 0;
			defaultConfigurationName = Release;
		};
		6D87695A1DEEBD9F00AC9692 /* Build configuration list for PBXNativeTarget "TotalMoneyUITests" */ = {
			isa = XCConfigurationList;
			buildConfigurations = (
				6D87695B1DEEBD9F00AC9692 /* Debug */,
				6D87695C1DEEBD9F00AC9692 /* Release */,
			);
			defaultConfigurationIsVisible = 0;
			defaultConfigurationName = Release;
		};
/* End XCConfigurationList section */
	};
	rootObject = 6D87691F1DEEBD9F00AC9692 /* Project object */;
}
